
Microsoft Visual Studio Solution File, Format Version 12.00
# Visual Studio Version 17
VisualStudioVersion = 17.7.34031.279
MinimumVisualStudioVersion = 10.0.40219.1
Project("{8BC9CEB8-8B4A-11D0-8D11-00A0C91BC942}") = "SFMLGameTemplate", "SFMLGameTemplate.vcxproj", "{AE436B2E-A0B5-4AE0-9D70-5DFE28ED4CE5}"
EndProject
Global
	GlobalSection(SolutionConfigurationPlatforms) = preSolution
		Debug|x64 = Debug|x64
		Debug|x86 = Debug|x86
		Release|x64 = Release|x64
		Release|x86 = Release|x86
	EndGlobalSection
	GlobalSection(ProjectConfigurationPlatforms) = postSolution
		{AE436B2E-A0B5-4AE0-9D70-5DFE28ED4CE5}.Debug|x64.ActiveCfg = Debug|x64
		{AE436B2E-A0B5-4AE0-9D70-5DFE28ED4CE5}.Debug|x64.Build.0 = Debug|x64
		{AE436B2E-A0B5-4AE0-9D70-5DFE28ED4CE5}.Debug|x86.ActiveCfg = Debug|Win32
		{AE436B2E-A0B5-4AE0-9D70-5DFE28ED4CE5}.Debug|x86.Build.0 = Debug|Win32
		{AE436B2E-A0B5-4AE0-9D70-5DFE28ED4CE5}.Release|x64.ActiveCfg = Release|x64
		{AE436B2E-A0B5-4AE0-9D70-5DFE28ED4CE5}.Release|x64.Build.0 = Release|x64
		{AE436B2E-A0B5-4AE0-9D70-5DFE28ED4CE5}.Release|x86.ActiveCfg = Release|Win32
		{AE436B2E-A0B5-4AE0-9D70-5DFE28ED4CE5}.Release|x86.Build.0 = Release|Win32
	EndGlobalSection
	GlobalSection(SolutionProperties) = preSolution
		HideSolutionNode = FALSE
	EndGlobalSection
	GlobalSection(ExtensibilityGlobals) = postSolution
		SolutionGuid = {BCBB8554-D45B-4DC5-BFBF-993C8FC595D9}
	EndGlobalSection
EndGlobal
